
Microsoft Visual Studio Solution File, Format Version 12.00
# Visual Studio Version 16
VisualStudioVersion = 16.0.32510.428
MinimumVisualStudioVersion = 10.0.40219.1
Project("{8BC9CEB8-8B4A-11D0-8D11-00A0C91BC942}") = "8.2 插入排序", "7.2 插入排序\7.2 插入排序.vcxproj", "{2C2B2D3E-8AE3-4C09-9ACC-7049A54A4F6A}"
EndProject
Project("{8BC9CEB8-8B4A-11D0-8D11-00A0C91BC942}") = "8.3 交换排序", "7.3 交换排序\7.3 交换排序.vcxproj", "{393CB625-C917-45D1-B29A-026046CBDE80}"
EndProject
Project("{8BC9CEB8-8B4A-11D0-8D11-00A0C91BC942}") = "8.4 选择排序", "7.4 选择排序\7.4 选择排序.vcxproj", "{9C8F266E-640B-4239-8049-3A347857ECEE}"
EndProject
Project("{8BC9CEB8-8B4A-11D0-8D11-00A0C91BC942}") = "8.5 归并排序", "7.5 归并排序\7.5 归并排序.vcxproj", "{A26807FF-511F-494F-9C90-829A973766D4}"
EndProject
Project("{8BC9CEB8-8B4A-11D0-8D11-00A0C91BC942}") = "Project1自己实现冒泡排序", "Project1自己实现冒泡排序\Project1自己实现冒泡排序.vcxproj", "{3EDD2BEB-A74D-4AF0-8334-07F460B05B50}"
EndProject
Project("{8BC9CEB8-8B4A-11D0-8D11-00A0C91BC942}") = "Project1快速排序", "Project1快速排序\Project1快速排序.vcxproj", "{ABA5DBA3-3044-4195-846A-390188093B03}"
EndProject
Global
	GlobalSection(SolutionConfigurationPlatforms) = preSolution
		Debug|Win32 = Debug|Win32
		Debug|x64 = Debug|x64
		Release|Win32 = Release|Win32
		Release|x64 = Release|x64
	EndGlobalSection
	GlobalSection(ProjectConfigurationPlatforms) = postSolution
		{2C2B2D3E-8AE3-4C09-9ACC-7049A54A4F6A}.Debug|Win32.ActiveCfg = Debug|Win32
		{2C2B2D3E-8AE3-4C09-9ACC-7049A54A4F6A}.Debug|Win32.Build.0 = Debug|Win32
		{2C2B2D3E-8AE3-4C09-9ACC-7049A54A4F6A}.Debug|x64.ActiveCfg = Debug|Win32
		{2C2B2D3E-8AE3-4C09-9ACC-7049A54A4F6A}.Release|Win32.ActiveCfg = Release|Win32
		{2C2B2D3E-8AE3-4C09-9ACC-7049A54A4F6A}.Release|Win32.Build.0 = Release|Win32
		{2C2B2D3E-8AE3-4C09-9ACC-7049A54A4F6A}.Release|x64.ActiveCfg = Release|Win32
		{393CB625-C917-45D1-B29A-026046CBDE80}.Debug|Win32.ActiveCfg = Debug|Win32
		{393CB625-C917-45D1-B29A-026046CBDE80}.Debug|Win32.Build.0 = Debug|Win32
		{393CB625-C917-45D1-B29A-026046CBDE80}.Debug|x64.ActiveCfg = Debug|Win32
		{393CB625-C917-45D1-B29A-026046CBDE80}.Release|Win32.ActiveCfg = Release|Win32
		{393CB625-C917-45D1-B29A-026046CBDE80}.Release|Win32.Build.0 = Release|Win32
		{393CB625-C917-45D1-B29A-026046CBDE80}.Release|x64.ActiveCfg = Release|Win32
		{9C8F266E-640B-4239-8049-3A347857ECEE}.Debug|Win32.ActiveCfg = Debug|Win32
		{9C8F266E-640B-4239-8049-3A347857ECEE}.Debug|Win32.Build.0 = Debug|Win32
		{9C8F266E-640B-4239-8049-3A347857ECEE}.Debug|x64.ActiveCfg = Debug|Win32
		{9C8F266E-640B-4239-8049-3A347857ECEE}.Release|Win32.ActiveCfg = Release|Win32
		{9C8F266E-640B-4239-8049-3A347857ECEE}.Release|Win32.Build.0 = Release|Win32
		{9C8F266E-640B-4239-8049-3A347857ECEE}.Release|x64.ActiveCfg = Release|Win32
		{A26807FF-511F-494F-9C90-829A973766D4}.Debug|Win32.ActiveCfg = Debug|Win32
		{A26807FF-511F-494F-9C90-829A973766D4}.Debug|Win32.Build.0 = Debug|Win32
		{A26807FF-511F-494F-9C90-829A973766D4}.Debug|x64.ActiveCfg = Debug|Win32
		{A26807FF-511F-494F-9C90-829A973766D4}.Release|Win32.ActiveCfg = Release|Win32
		{A26807FF-511F-494F-9C90-829A973766D4}.Release|Win32.Build.0 = Release|Win32
		{A26807FF-511F-494F-9C90-829A973766D4}.Release|x64.ActiveCfg = Release|Win32
		{3EDD2BEB-A74D-4AF0-8334-07F460B05B50}.Debug|Win32.ActiveCfg = Debug|Win32
		{3EDD2BEB-A74D-4AF0-8334-07F460B05B50}.Debug|Win32.Build.0 = Debug|Win32
		{3EDD2BEB-A74D-4AF0-8334-07F460B05B50}.Debug|x64.ActiveCfg = Debug|x64
		{3EDD2BEB-A74D-4AF0-8334-07F460B05B50}.Debug|x64.Build.0 = Debug|x64
		{3EDD2BEB-A74D-4AF0-8334-07F460B05B50}.Release|Win32.ActiveCfg = Release|Win32
		{3EDD2BEB-A74D-4AF0-8334-07F460B05B50}.Release|Win32.Build.0 = Release|Win32
		{3EDD2BEB-A74D-4AF0-8334-07F460B05B50}.Release|x64.ActiveCfg = Release|x64
		{3EDD2BEB-A74D-4AF0-8334-07F460B05B50}.Release|x64.Build.0 = Release|x64
		{ABA5DBA3-3044-4195-846A-390188093B03}.Debug|Win32.ActiveCfg = Debug|Win32
		{ABA5DBA3-3044-4195-846A-390188093B03}.Debug|Win32.Build.0 = Debug|Win32
		{ABA5DBA3-3044-4195-846A-390188093B03}.Debug|x64.ActiveCfg = Debug|x64
		{ABA5DBA3-3044-4195-846A-390188093B03}.Debug|x64.Build.0 = Debug|x64
		{ABA5DBA3-3044-4195-846A-390188093B03}.Release|Win32.ActiveCfg = Release|Win32
		{ABA5DBA3-3044-4195-846A-390188093B03}.Release|Win32.Build.0 = Release|Win32
		{ABA5DBA3-3044-4195-846A-390188093B03}.Release|x64.ActiveCfg = Release|x64
		{ABA5DBA3-3044-4195-846A-390188093B03}.Release|x64.Build.0 = Release|x64
	EndGlobalSection
	GlobalSection(SolutionProperties) = preSolution
		HideSolutionNode = FALSE
	EndGlobalSection
	GlobalSection(ExtensibilityGlobals) = postSolution
		SolutionGuid = {E30A8DC3-937D-4E04-97D3-1672FFD04F5C}
	EndGlobalSection
EndGlobal
